
Microsoft Visual Studio Solution File, Format Version 12.00
# Visual Studio Version 17
VisualStudioVersion = 17.0.31903.59
MinimumVisualStudioVersion = 10.0.40219.1
Project("{2150E333-8FDC-42A3-9474-1A3956D46DE8}") = "topics", "topics", "{31C28255-333F-4FD4-988A-5FB3D83DBEFC}"
EndProject
Project("{2150E333-8FDC-42A3-9474-1A3956D46DE8}") = "subscriptions", "subscriptions", "{E5C72D4B-8956-4D90-8C8B-16B4C24BCA09}"
EndProject
Project("{2150E333-8FDC-42A3-9474-1A3956D46DE8}") = "delivery", "delivery", "{64F27D6F-AB56-4D08-81F2-E0FF64E2FB32}"
EndProject
Project("{2150E333-8FDC-42A3-9474-1A3956D46DE8}") = "advanced", "advanced", "{5ECB45B1-74FC-4C0C-A416-E43B6C2E2BD2}"
EndProject
Project("{2150E333-8FDC-42A3-9474-1A3956D46DE8}") = "interop", "interop", "{1A953E42-8EFF-4E0C-BDAB-A0B95012F141}"
EndProject
Project("{FAE04EC0-301F-11D3-BF4B-00C04F79EFBC}") = "SchemaAvro", "advanced\schema-avro\SchemaAvro.csproj", "{BAB5B0A9-02BF-46D6-B57D-BF6E12FB3FBA}"
EndProject
Project("{FAE04EC0-301F-11D3-BF4B-00C04F79EFBC}") = "SchemaProtobuf", "advanced\schema-protobuf\SchemaProtobuf.csproj", "{C1031106-1363-4DA0-BD49-63F0F5EA97D7}"
EndProject
Project("{FAE04EC0-301F-11D3-BF4B-00C04F79EFBC}") = "SeekTimestamp", "advanced\seek-timestamp\SeekTimestamp.csproj", "{9F3AE103-5B41-4DFC-9FF9-30109750F89C}"
EndProject
Project("{FAE04EC0-301F-11D3-BF4B-00C04F79EFBC}") = "Snapshots", "advanced\snapshots\Snapshots.csproj", "{2465A770-4B9F-41F3-B969-DD75D12E5E55}"
EndProject
Project("{FAE04EC0-301F-11D3-BF4B-00C04F79EFBC}") = "DeadLetterTopic", "delivery\dead-letter-topic\DeadLetterTopic.csproj", "{837E0EBB-7977-4613-B4AB-4BDDA0256A17}"
EndProject
Project("{FAE04EC0-301F-11D3-BF4B-00C04F79EFBC}") = "ExactlyOnce", "delivery\exactly-once\ExactlyOnce.csproj", "{72AF151F-9834-43E8-9D63-02989E0C1636}"
EndProject
Project("{FAE04EC0-301F-11D3-BF4B-00C04F79EFBC}") = "MessageFiltering", "delivery\message-filtering\MessageFiltering.csproj", "{5BC6FBAA-99EB-42A2-B8C6-B028C53002FA}"
EndProject
Project("{FAE04EC0-301F-11D3-BF4B-00C04F79EFBC}") = "OrderingKeys", "delivery\ordering-keys\OrderingKeys.csproj", "{BBA8A3D1-2B9B-4357-8649-E43215700226}"
EndProject
Project("{FAE04EC0-301F-11D3-BF4B-00C04F79EFBC}") = "PushDelivery", "delivery\push-delivery\PushDelivery.csproj", "{71ACD99F-FB33-4BE0-A308-7E8BBA2604F4}"
EndProject
Project("{FAE04EC0-301F-11D3-BF4B-00C04F79EFBC}") = "NativeEventsStore", "interop\native-events-store\NativeEventsStore.csproj", "{FFA9A5B8-A7FC-4B83-8F88-21367C7557CC}"
EndProject
Project("{FAE04EC0-301F-11D3-BF4B-00C04F79EFBC}") = "AckDeadlineNack", "subscriptions\ack-deadline-nack\AckDeadlineNack.csproj", "{41C82207-1F7C-4A2D-8B13-903D3252DD48}"
EndProject
Project("{FAE04EC0-301F-11D3-BF4B-00C04F79EFBC}") = "StreamingPull", "subscriptions\streaming-pull\StreamingPull.csproj", "{0393D595-A6B1-4A6F-9A9C-1DCB3DB4A832}"
EndProject
Project("{FAE04EC0-301F-11D3-BF4B-00C04F79EFBC}") = "BasicPublishSubscribe", "topics\basic-publish-subscribe\BasicPublishSubscribe.csproj", "{A349E233-5D2F-4646-96AD-9E71DC26642D}"
EndProject
Project("{FAE04EC0-301F-11D3-BF4B-00C04F79EFBC}") = "BatchPublish", "topics\batch-publish\BatchPublish.csproj", "{950DCF38-055B-4721-87A0-BE38DC878B22}"
EndProject
Project("{FAE04EC0-301F-11D3-BF4B-00C04F79EFBC}") = "TopicManagement", "topics\topic-management\TopicManagement.csproj", "{077B1AEF-DB48-40CD-8275-D204C4F2F682}"
EndProject
Global
	GlobalSection(SolutionConfigurationPlatforms) = preSolution
		Debug|Any CPU = Debug|Any CPU
		Release|Any CPU = Release|Any CPU
	EndGlobalSection
	GlobalSection(SolutionProperties) = preSolution
		HideSolutionNode = FALSE
	EndGlobalSection
	GlobalSection(NestedProjects) = preSolution
		{BAB5B0A9-02BF-46D6-B57D-BF6E12FB3FBA} = {5ECB45B1-74FC-4C0C-A416-E43B6C2E2BD2}
		{C1031106-1363-4DA0-BD49-63F0F5EA97D7} = {5ECB45B1-74FC-4C0C-A416-E43B6C2E2BD2}
		{9F3AE103-5B41-4DFC-9FF9-30109750F89C} = {5ECB45B1-74FC-4C0C-A416-E43B6C2E2BD2}
		{2465A770-4B9F-41F3-B969-DD75D12E5E55} = {5ECB45B1-74FC-4C0C-A416-E43B6C2E2BD2}
		{837E0EBB-7977-4613-B4AB-4BDDA0256A17} = {64F27D6F-AB56-4D08-81F2-E0FF64E2FB32}
		{72AF151F-9834-43E8-9D63-02989E0C1636} = {64F27D6F-AB56-4D08-81F2-E0FF64E2FB32}
		{5BC6FBAA-99EB-42A2-B8C6-B028C53002FA} = {64F27D6F-AB56-4D08-81F2-E0FF64E2FB32}
		{BBA8A3D1-2B9B-4357-8649-E43215700226} = {64F27D6F-AB56-4D08-81F2-E0FF64E2FB32}
		{71ACD99F-FB33-4BE0-A308-7E8BBA2604F4} = {64F27D6F-AB56-4D08-81F2-E0FF64E2FB32}
		{FFA9A5B8-A7FC-4B83-8F88-21367C7557CC} = {1A953E42-8EFF-4E0C-BDAB-A0B95012F141}
		{41C82207-1F7C-4A2D-8B13-903D3252DD48} = {E5C72D4B-8956-4D90-8C8B-16B4C24BCA09}
		{0393D595-A6B1-4A6F-9A9C-1DCB3DB4A832} = {E5C72D4B-8956-4D90-8C8B-16B4C24BCA09}
		{A349E233-5D2F-4646-96AD-9E71DC26642D} = {31C28255-333F-4FD4-988A-5FB3D83DBEFC}
		{950DCF38-055B-4721-87A0-BE38DC878B22} = {31C28255-333F-4FD4-988A-5FB3D83DBEFC}
		{077B1AEF-DB48-40CD-8275-D204C4F2F682} = {31C28255-333F-4FD4-988A-5FB3D83DBEFC}
	EndGlobalSection
	GlobalSection(ProjectConfigurationPlatforms) = postSolution
		{BAB5B0A9-02BF-46D6-B57D-BF6E12FB3FBA}.Debug|Any CPU.ActiveCfg = Debug|Any CPU
		{BAB5B0A9-02BF-46D6-B57D-BF6E12FB3FBA}.Debug|Any CPU.Build.0 = Debug|Any CPU
		{BAB5B0A9-02BF-46D6-B57D-BF6E12FB3FBA}.Release|Any CPU.ActiveCfg = Release|Any CPU
		{BAB5B0A9-02BF-46D6-B57D-BF6E12FB3FBA}.Release|Any CPU.Build.0 = Release|Any CPU
		{C1031106-1363-4DA0-BD49-63F0F5EA97D7}.Debug|Any CPU.ActiveCfg = Debug|Any CPU
		{C1031106-1363-4DA0-BD49-63F0F5EA97D7}.Debug|Any CPU.Build.0 = Debug|Any CPU
		{C1031106-1363-4DA0-BD49-63F0F5EA97D7}.Release|Any CPU.ActiveCfg = Release|Any CPU
		{C1031106-1363-4DA0-BD49-63F0F5EA97D7}.Release|Any CPU.Build.0 = Release|Any CPU
		{9F3AE103-5B41-4DFC-9FF9-30109750F89C}.Debug|Any CPU.ActiveCfg = Debug|Any CPU
		{9F3AE103-5B41-4DFC-9FF9-30109750F89C}.Debug|Any CPU.Build.0 = Debug|Any CPU
		{9F3AE103-5B41-4DFC-9FF9-30109750F89C}.Release|Any CPU.ActiveCfg = Release|Any CPU
		{9F3AE103-5B41-4DFC-9FF9-30109750F89C}.Release|Any CPU.Build.0 = Release|Any CPU
		{2465A770-4B9F-41F3-B969-DD75D12E5E55}.Debug|Any CPU.ActiveCfg = Debug|Any CPU
		{2465A770-4B9F-41F3-B969-DD75D12E5E55}.Debug|Any CPU.Build.0 = Debug|Any CPU
		{2465A770-4B9F-41F3-B969-DD75D12E5E55}.Release|Any CPU.ActiveCfg = Release|Any CPU
		{2465A770-4B9F-41F3-B969-DD75D12E5E55}.Release|Any CPU.Build.0 = Release|Any CPU
		{837E0EBB-7977-4613-B4AB-4BDDA0256A17}.Debug|Any CPU.ActiveCfg = Debug|Any CPU
		{837E0EBB-7977-4613-B4AB-4BDDA0256A17}.Debug|Any CPU.Build.0 = Debug|Any CPU
		{837E0EBB-7977-4613-B4AB-4BDDA0256A17}.Release|Any CPU.ActiveCfg = Release|Any CPU
		{837E0EBB-7977-4613-B4AB-4BDDA0256A17}.Release|Any CPU.Build.0 = Release|Any CPU
		{72AF151F-9834-43E8-9D63-02989E0C1636}.Debug|Any CPU.ActiveCfg = Debug|Any CPU
		{72AF151F-9834-43E8-9D63-02989E0C1636}.Debug|Any CPU.Build.0 = Debug|Any CPU
		{72AF151F-9834-43E8-9D63-02989E0C1636}.Release|Any CPU.ActiveCfg = Release|Any CPU
		{72AF151F-9834-43E8-9D63-02989E0C1636}.Release|Any CPU.Build.0 = Release|Any CPU
		{5BC6FBAA-99EB-42A2-B8C6-B028C53002FA}.Debug|Any CPU.ActiveCfg = Debug|Any CPU
		{5BC6FBAA-99EB-42A2-B8C6-B028C53002FA}.Debug|Any CPU.Build.0 = Debug|Any CPU
		{5BC6FBAA-99EB-42A2-B8C6-B028C53002FA}.Release|Any CPU.ActiveCfg = Release|Any CPU
		{5BC6FBAA-99EB-42A2-B8C6-B028C53002FA}.Release|Any CPU.Build.0 = Release|Any CPU
		{BBA8A3D1-2B9B-4357-8649-E43215700226}.Debug|Any CPU.ActiveCfg = Debug|Any CPU
		{BBA8A3D1-2B9B-4357-8649-E43215700226}.Debug|Any CPU.Build.0 = Debug|Any CPU
		{BBA8A3D1-2B9B-4357-8649-E43215700226}.Release|Any CPU.ActiveCfg = Release|Any CPU
		{BBA8A3D1-2B9B-4357-8649-E43215700226}.Release|Any CPU.Build.0 = Release|Any CPU
		{71ACD99F-FB33-4BE0-A308-7E8BBA2604F4}.Debug|Any CPU.ActiveCfg = Debug|Any CPU
		{71ACD99F-FB33-4BE0-A308-7E8BBA2604F4}.Debug|Any CPU.Build.0 = Debug|Any CPU
		{71ACD99F-FB33-4BE0-A308-7E8BBA2604F4}.Release|Any CPU.ActiveCfg = Release|Any CPU
		{71ACD99F-FB33-4BE0-A308-7E8BBA2604F4}.Release|Any CPU.Build.0 = Release|Any CPU
		{FFA9A5B8-A7FC-4B83-8F88-21367C7557CC}.Debug|Any CPU.ActiveCfg = Debug|Any CPU
		{FFA9A5B8-A7FC-4B83-8F88-21367C7557CC}.Debug|Any CPU.Build.0 = Debug|Any CPU
		{FFA9A5B8-A7FC-4B83-8F88-21367C7557CC}.Release|Any CPU.ActiveCfg = Release|Any CPU
		{FFA9A5B8-A7FC-4B83-8F88-21367C7557CC}.Release|Any CPU.Build.0 = Release|Any CPU
		{41C82207-1F7C-4A2D-8B13-903D3252DD48}.Debug|Any CPU.ActiveCfg = Debug|Any CPU
		{41C82207-1F7C-4A2D-8B13-903D3252DD48}.Debug|Any CPU.Build.0 = Debug|Any CPU
		{41C82207-1F7C-4A2D-8B13-903D3252DD48}.Release|Any CPU.ActiveCfg = Release|Any CPU
		{41C82207-1F7C-4A2D-8B13-903D3252DD48}.Release|Any CPU.Build.0 = Release|Any CPU
		{0393D595-A6B1-4A6F-9A9C-1DCB3DB4A832}.Debug|Any CPU.ActiveCfg = Debug|Any CPU
		{0393D595-A6B1-4A6F-9A9C-1DCB3DB4A832}.Debug|Any CPU.Build.0 = Debug|Any CPU
		{0393D595-A6B1-4A6F-9A9C-1DCB3DB4A832}.Release|Any CPU.ActiveCfg = Release|Any CPU
		{0393D595-A6B1-4A6F-9A9C-1DCB3DB4A832}.Release|Any CPU.Build.0 = Release|Any CPU
		{A349E233-5D2F-4646-96AD-9E71DC26642D}.Debug|Any CPU.ActiveCfg = Debug|Any CPU
		{A349E233-5D2F-4646-96AD-9E71DC26642D}.Debug|Any CPU.Build.0 = Debug|Any CPU
		{A349E233-5D2F-4646-96AD-9E71DC26642D}.Release|Any CPU.ActiveCfg = Release|Any CPU
		{A349E233-5D2F-4646-96AD-9E71DC26642D}.Release|Any CPU.Build.0 = Release|Any CPU
		{950DCF38-055B-4721-87A0-BE38DC878B22}.Debug|Any CPU.ActiveCfg = Debug|Any CPU
		{950DCF38-055B-4721-87A0-BE38DC878B22}.Debug|Any CPU.Build.0 = Debug|Any CPU
		{950DCF38-055B-4721-87A0-BE38DC878B22}.Release|Any CPU.ActiveCfg = Release|Any CPU
		{950DCF38-055B-4721-87A0-BE38DC878B22}.Release|Any CPU.Build.0 = Release|Any CPU
		{077B1AEF-DB48-40CD-8275-D204C4F2F682}.Debug|Any CPU.ActiveCfg = Debug|Any CPU
		{077B1AEF-DB48-40CD-8275-D204C4F2F682}.Debug|Any CPU.Build.0 = Debug|Any CPU
		{077B1AEF-DB48-40CD-8275-D204C4F2F682}.Release|Any CPU.ActiveCfg = Release|Any CPU
		{077B1AEF-DB48-40CD-8275-D204C4F2F682}.Release|Any CPU.Build.0 = Release|Any CPU
	EndGlobalSection
EndGlobal
